
Microsoft Visual Studio Solution File, Format Version 12.00
# Visual Studio 2012
Project("{FAE04EC0-301F-11D3-BF4B-00C04F79EFBC}") = "TopTV", "sdkMVVMCS\TopTV.csproj", "{F17B6757-38D7-4908-BFCE-93AFE358C80F}"
EndProject
Project("{2150E333-8FDC-42A3-9474-1A3956D46DE8}") = "Solution Items", "Solution Items", "{AE074C55-BD1E-41B7-9D13-370D62A33737}"
EndProject
Project("{FAE04EC0-301F-11D3-BF4B-00C04F79EFBC}") = "ScheduledTaskAgentTV", "ScheduledTaskAgentTV\ScheduledTaskAgentTV.csproj", "{64AFDB51-AB68-4E64-9C5F-083C8B6E06E0}"
EndProject
Project("{FAE04EC0-301F-11D3-BF4B-00C04F79EFBC}") = "ModelTopTV", "ModelTopTV\ModelTopTV.csproj", "{9172B76A-D840-4F02-A364-999B4F0B1396}"
EndProject
Project("{FAE04EC0-301F-11D3-BF4B-00C04F79EFBC}") = "SharedTopTV", "SharedTopTV\SharedTopTV.csproj", "{7C7FA50D-DE6F-47D0-ACA4-8D671ABF78F5}"
EndProject
Global
	GlobalSection(SolutionConfigurationPlatforms) = preSolution
		Debug|Any CPU = Debug|Any CPU
		Debug|ARM = Debug|ARM
		Debug|x86 = Debug|x86
		Release|Any CPU = Release|Any CPU
		Release|ARM = Release|ARM
		Release|x86 = Release|x86
	EndGlobalSection
	GlobalSection(ProjectConfigurationPlatforms) = postSolution
		{F17B6757-38D7-4908-BFCE-93AFE358C80F}.Debug|Any CPU.ActiveCfg = Debug|Any CPU
		{F17B6757-38D7-4908-BFCE-93AFE358C80F}.Debug|Any CPU.Build.0 = Debug|Any CPU
		{F17B6757-38D7-4908-BFCE-93AFE358C80F}.Debug|Any CPU.Deploy.0 = Debug|Any CPU
		{F17B6757-38D7-4908-BFCE-93AFE358C80F}.Debug|ARM.ActiveCfg = Debug|ARM
		{F17B6757-38D7-4908-BFCE-93AFE358C80F}.Debug|ARM.Build.0 = Debug|ARM
		{F17B6757-38D7-4908-BFCE-93AFE358C80F}.Debug|ARM.Deploy.0 = Debug|ARM
		{F17B6757-38D7-4908-BFCE-93AFE358C80F}.Debug|x86.ActiveCfg = Debug|x86
		{F17B6757-38D7-4908-BFCE-93AFE358C80F}.Debug|x86.Build.0 = Debug|x86
		{F17B6757-38D7-4908-BFCE-93AFE358C80F}.Debug|x86.Deploy.0 = Debug|x86
		{F17B6757-38D7-4908-BFCE-93AFE358C80F}.Release|Any CPU.ActiveCfg = Release|Any CPU
		{F17B6757-38D7-4908-BFCE-93AFE358C80F}.Release|Any CPU.Build.0 = Release|Any CPU
		{F17B6757-38D7-4908-BFCE-93AFE358C80F}.Release|Any CPU.Deploy.0 = Release|Any CPU
		{F17B6757-38D7-4908-BFCE-93AFE358C80F}.Release|ARM.ActiveCfg = Release|ARM
		{F17B6757-38D7-4908-BFCE-93AFE358C80F}.Release|ARM.Build.0 = Release|ARM
		{F17B6757-38D7-4908-BFCE-93AFE358C80F}.Release|ARM.Deploy.0 = Release|ARM
		{F17B6757-38D7-4908-BFCE-93AFE358C80F}.Release|x86.ActiveCfg = Release|x86
		{F17B6757-38D7-4908-BFCE-93AFE358C80F}.Release|x86.Build.0 = Release|x86
		{F17B6757-38D7-4908-BFCE-93AFE358C80F}.Release|x86.Deploy.0 = Release|x86
		{64AFDB51-AB68-4E64-9C5F-083C8B6E06E0}.Debug|Any CPU.ActiveCfg = Debug|Any CPU
		{64AFDB51-AB68-4E64-9C5F-083C8B6E06E0}.Debug|Any CPU.Build.0 = Debug|Any CPU
		{64AFDB51-AB68-4E64-9C5F-083C8B6E06E0}.Debug|ARM.ActiveCfg = Debug|ARM
		{64AFDB51-AB68-4E64-9C5F-083C8B6E06E0}.Debug|ARM.Build.0 = Debug|ARM
		{64AFDB51-AB68-4E64-9C5F-083C8B6E06E0}.Debug|x86.ActiveCfg = Debug|x86
		{64AFDB51-AB68-4E64-9C5F-083C8B6E06E0}.Debug|x86.Build.0 = Debug|x86
		{64AFDB51-AB68-4E64-9C5F-083C8B6E06E0}.Release|Any CPU.ActiveCfg = Release|Any CPU
		{64AFDB51-AB68-4E64-9C5F-083C8B6E06E0}.Release|Any CPU.Build.0 = Release|Any CPU
		{64AFDB51-AB68-4E64-9C5F-083C8B6E06E0}.Release|ARM.ActiveCfg = Release|ARM
		{64AFDB51-AB68-4E64-9C5F-083C8B6E06E0}.Release|ARM.Build.0 = Release|ARM
		{64AFDB51-AB68-4E64-9C5F-083C8B6E06E0}.Release|x86.ActiveCfg = Release|x86
		{64AFDB51-AB68-4E64-9C5F-083C8B6E06E0}.Release|x86.Build.0 = Release|x86
		{9172B76A-D840-4F02-A364-999B4F0B1396}.Debug|Any CPU.ActiveCfg = Debug|Any CPU
		{9172B76A-D840-4F02-A364-999B4F0B1396}.Debug|Any CPU.Build.0 = Debug|Any CPU
		{9172B76A-D840-4F02-A364-999B4F0B1396}.Debug|ARM.ActiveCfg = Debug|ARM
		{9172B76A-D840-4F02-A364-999B4F0B1396}.Debug|ARM.Build.0 = Debug|ARM
		{9172B76A-D840-4F02-A364-999B4F0B1396}.Debug|x86.ActiveCfg = Debug|x86
		{9172B76A-D840-4F02-A364-999B4F0B1396}.Debug|x86.Build.0 = Debug|x86
		{9172B76A-D840-4F02-A364-999B4F0B1396}.Release|Any CPU.ActiveCfg = Release|Any CPU
		{9172B76A-D840-4F02-A364-999B4F0B1396}.Release|Any CPU.Build.0 = Release|Any CPU
		{9172B76A-D840-4F02-A364-999B4F0B1396}.Release|ARM.ActiveCfg = Release|ARM
		{9172B76A-D840-4F02-A364-999B4F0B1396}.Release|ARM.Build.0 = Release|ARM
		{9172B76A-D840-4F02-A364-999B4F0B1396}.Release|x86.ActiveCfg = Release|x86
		{9172B76A-D840-4F02-A364-999B4F0B1396}.Release|x86.Build.0 = Release|x86
		{7C7FA50D-DE6F-47D0-ACA4-8D671ABF78F5}.Debug|Any CPU.ActiveCfg = Debug|Any CPU
		{7C7FA50D-DE6F-47D0-ACA4-8D671ABF78F5}.Debug|Any CPU.Build.0 = Debug|Any CPU
		{7C7FA50D-DE6F-47D0-ACA4-8D671ABF78F5}.Debug|ARM.ActiveCfg = Debug|ARM
		{7C7FA50D-DE6F-47D0-ACA4-8D671ABF78F5}.Debug|ARM.Build.0 = Debug|ARM
		{7C7FA50D-DE6F-47D0-ACA4-8D671ABF78F5}.Debug|x86.ActiveCfg = Debug|x86
		{7C7FA50D-DE6F-47D0-ACA4-8D671ABF78F5}.Debug|x86.Build.0 = Debug|x86
		{7C7FA50D-DE6F-47D0-ACA4-8D671ABF78F5}.Release|Any CPU.ActiveCfg = Release|Any CPU
		{7C7FA50D-DE6F-47D0-ACA4-8D671ABF78F5}.Release|Any CPU.Build.0 = Release|Any CPU
		{7C7FA50D-DE6F-47D0-ACA4-8D671ABF78F5}.Release|ARM.ActiveCfg = Release|ARM
		{7C7FA50D-DE6F-47D0-ACA4-8D671ABF78F5}.Release|ARM.Build.0 = Release|ARM
		{7C7FA50D-DE6F-47D0-ACA4-8D671ABF78F5}.Release|x86.ActiveCfg = Release|x86
		{7C7FA50D-DE6F-47D0-ACA4-8D671ABF78F5}.Release|x86.Build.0 = Release|x86
	EndGlobalSection
	GlobalSection(SolutionProperties) = preSolution
		HideSolutionNode = FALSE
	EndGlobalSection
EndGlobal
